// !$*UTF8*$!
{
	archiveVersion = 1;
	classes = {
	};
	objectVersion = 46;
	objects = {

/* Begin PBXBuildFile section */
		78CEC5DF1D1021DE00F48320 /* AppDelegate.swift in Sources */ = {isa = PBXBuildFile; fileRef = 78CEC5DE1D1021DE00F48320 /* AppDelegate.swift */; };
		78CEC5E11D1021DE00F48320 /* ViewController.swift in Sources */ = {isa = PBXBuildFile; fileRef = 78CEC5E01D1021DE00F48320 /* ViewController.swift */; };
		78CEC5E41D1021DE00F48320 /* Main.storyboard in Resources */ = {isa = PBXBuildFile; fileRef = 78CEC5E21D1021DE00F48320 /* Main.storyboard */; };
		78CEC5E61D1021DE00F48320 /* Assets.xcassets in Resources */ = {isa = PBXBuildFile; fileRef = 78CEC5E51D1021DE00F48320 /* Assets.xcassets */; };
		78CEC5E91D1021DE00F48320 /* LaunchScreen.storyboard in Resources */ = {isa = PBXBuildFile; fileRef = 78CEC5E71D1021DE00F48320 /* LaunchScreen.storyboard */; };
		78CEC5F41D1021DE00F48320 /* IEHTopScrollTabBarTests.swift in Sources */ = {isa = PBXBuildFile; fileRef = 78CEC5F31D1021DE00F48320 /* IEHTopScrollTabBarTests.swift */; };
		78CEC5FF1D1021DE00F48320 /* IEHTopScrollTabBarUITests.swift in Sources */ = {isa = PBXBuildFile; fileRef = 78CEC5FE1D1021DE00F48320 /* IEHTopScrollTabBarUITests.swift */; };
		78CEC60D1D1022EF00F48320 /* TopScrollTabBar.swift in Sources */ = {isa = PBXBuildFile; fileRef = 78CEC60C1D1022EF00F48320 /* TopScrollTabBar.swift */; };
/* End PBXBuildFile section */

/* Begin PBXContainerItemProxy section */
		78CEC5F01D1021DE00F48320 /* PBXContainerItemProxy */ = {
			isa = PBXContainerItemProxy;
			containerPortal = 78CEC5D31D1021DE00F48320 /* Project object */;
			proxyType = 1;
			remoteGlobalIDString = 78CEC5DA1D1021DE00F48320;
			remoteInfo = IEHTopScrollTabBar;
		};
		78CEC5FB1D1021DE00F48320 /* PBXContainerItemProxy */ = {
			isa = PBXContainerItemProxy;
			containerPortal = 78CEC5D31D1021DE00F48320 /* Project object */;
			proxyType = 1;
			remoteGlobalIDString = 78CEC5DA1D1021DE00F48320;
			remoteInfo = IEHTopScrollTabBar;
		};
/* End PBXContainerItemProxy section */

/* Begin PBXFileReference section */
		78CEC5DB1D1021DE00F48320 /* IEHTopScrollTabBar.app */ = {isa = PBXFileReference; explicitFileType = wrapper.application; includeInIndex = 0; path = IEHTopScrollTabBar.app; sourceTree = BUILT_PRODUCTS_DIR; };
		78CEC5DE1D1021DE00F48320 /* AppDelegate.swift */ = {isa = PBXFileReference; lastKnownFileType = sourcecode.swift; path = AppDelegate.swift; sourceTree = "<group>"; };
		78CEC5E01D1021DE00F48320 /* ViewController.swift */ = {isa = PBXFileReference; lastKnownFileType = sourcecode.swift; path = ViewController.swift; sourceTree = "<group>"; };
		78CEC5E31D1021DE00F48320 /* Base */ = {isa = PBXFileReference; lastKnownFileType = file.storyboard; name = Base; path = Base.lproj/Main.storyboard; sourceTree = "<group>"; };
		78CEC5E51D1021DE00F48320 /* Assets.xcassets */ = {isa = PBXFileReference; lastKnownFileType = folder.assetcatalog; path = Assets.xcassets; sourceTree = "<group>"; };
		78CEC5E81D1021DE00F48320 /* Base */ = {isa = PBXFileReference; lastKnownFileType = file.storyboard; name = Base; path = Base.lproj/LaunchScreen.storyboard; sourceTree = "<group>"; };
		78CEC5EA1D1021DE00F48320 /* Info.plist */ = {isa = PBXFileReference; lastKnownFileType = text.plist.xml; path = Info.plist; sourceTree = "<group>"; };
		78CEC5EF1D1021DE00F48320 /* IEHTopScrollTabBarTests.xctest */ = {isa = PBXFileReference; explicitFileType = wrapper.cfbundle; includeInIndex = 0; path = IEHTopScrollTabBarTests.xctest; sourceTree = BUILT_PRODUCTS_DIR; };
		78CEC5F31D1021DE00F48320 /* IEHTopScrollTabBarTests.swift */ = {isa = PBXFileReference; lastKnownFileType = sourcecode.swift; path = IEHTopScrollTabBarTests.swift; sourceTree = "<group>"; };
		78CEC5F51D1021DE00F48320 /* Info.plist */ = {isa = PBXFileReference; lastKnownFileType = text.plist.xml; path = Info.plist; sourceTree = "<group>"; };
		78CEC5FA1D1021DE00F48320 /* IEHTopScrollTabBarUITests.xctest */ = {isa = PBXFileReference; explicitFileType = wrapper.cfbundle; includeInIndex = 0; path = IEHTopScrollTabBarUITests.xctest; sourceTree = BUILT_PRODUCTS_DIR; };
		78CEC5FE1D1021DE00F48320 /* IEHTopScrollTabBarUITests.swift */ = {isa = PBXFileReference; lastKnownFileType = sourcecode.swift; path = IEHTopScrollTabBarUITests.swift; sourceTree = "<group>"; };
		78CEC6001D1021DE00F48320 /* Info.plist */ = {isa = PBXFileReference; lastKnownFileType = text.plist.xml; path = Info.plist; sourceTree = "<group>"; };
		78CEC60C1D1022EF00F48320 /* TopScrollTabBar.swift */ = {isa = PBXFileReference; fileEncoding = 4; lastKnownFileType = sourcecode.swift; path = TopScrollTabBar.swift; sourceTree = "<group>"; };
/* End PBXFileReference section */

/* Begin PBXFrameworksBuildPhase section */
		78CEC5D81D1021DE00F48320 /* Frameworks */ = {
			isa = PBXFrameworksBuildPhase;
			buildActionMask = 2147483647;
			files = (
			);
			runOnlyForDeploymentPostprocessing = 0;
		};
		78CEC5EC1D1021DE00F48320 /* Frameworks */ = {
			isa = PBXFrameworksBuildPhase;
			buildActionMask = 2147483647;
			files = (
			);
			runOnlyForDeploymentPostprocessing = 0;
		};
		78CEC5F71D1021DE00F48320 /* Frameworks */ = {
			isa = PBXFrameworksBuildPhase;
			buildActionMask = 2147483647;
			files = (
			);
			runOnlyForDeploymentPostprocessing = 0;
		};
/* End PBXFrameworksBuildPhase section */

/* Begin PBXGroup section */
		78CEC5D21D1021DE00F48320 = {
			isa = PBXGroup;
			children = (
				78CEC5DD1D1021DE00F48320 /* IEHTopScrollTabBar */,
				78CEC5F21D1021DE00F48320 /* IEHTopScrollTabBarTests */,
				78CEC5FD1D1021DE00F48320 /* IEHTopScrollTabBarUITests */,
				78CEC5DC1D1021DE00F48320 /* Products */,
			);
			sourceTree = "<group>";
		};
		78CEC5DC1D1021DE00F48320 /* Products */ = {
			isa = PBXGroup;
			children = (
				78CEC5DB1D1021DE00F48320 /* IEHTopScrollTabBar.app */,
				78CEC5EF1D1021DE00F48320 /* IEHTopScrollTabBarTests.xctest */,
				78CEC5FA1D1021DE00F48320 /* IEHTopScrollTabBarUITests.xctest */,
			);
			name = Products;
			sourceTree = "<group>";
		};
		78CEC5DD1D1021DE00F48320 /* IEHTopScrollTabBar */ = {
			isa = PBXGroup;
			children = (
				78CEC5DE1D1021DE00F48320 /* AppDelegate.swift */,
				78CEC60C1D1022EF00F48320 /* TopScrollTabBar.swift */,
				78CEC5E01D1021DE00F48320 /* ViewController.swift */,
				78CEC5E21D1021DE00F48320 /* Main.storyboard */,
				78CEC5E51D1021DE00F48320 /* Assets.xcassets */,
				78CEC5E71D1021DE00F48320 /* LaunchScreen.storyboard */,
				78CEC5EA1D1021DE00F48320 /* Info.plist */,
			);
			path = IEHTopScrollTabBar;
			sourceTree = "<group>";
		};
		78CEC5F21D1021DE00F48320 /* IEHTopScrollTabBarTests */ = {
			isa = PBXGroup;
			children = (
				78CEC5F31D1021DE00F48320 /* IEHTopScrollTabBarTests.swift */,
				78CEC5F51D1021DE00F48320 /* Info.plist */,
			);
			path = IEHTopScrollTabBarTests;
			sourceTree = "<group>";
		};
		78CEC5FD1D1021DE00F48320 /* IEHTopScrollTabBarUITests */ = {
			isa = PBXGroup;
			children = (
				78CEC5FE1D1021DE00F48320 /* IEHTopScrollTabBarUITests.swift */,
				78CEC6001D1021DE00F48320 /* Info.plist */,
			);
			path = IEHTopScrollTabBarUITests;
			sourceTree = "<group>";
		};
/* End PBXGroup section */

/* Begin PBXNativeTarget section */
		78CEC5DA1D1021DE00F48320 /* IEHTopScrollTabBar */ = {
			isa = PBXNativeTarget;
			buildConfigurationList = 78CEC6031D1021DE00F48320 /* Build configuration list for PBXNativeTarget "IEHTopScrollTabBar" */;
			buildPhases = (
				78CEC5D71D1021DE00F48320 /* Sources */,
				78CEC5D81D1021DE00F48320 /* Frameworks */,
				78CEC5D91D1021DE00F48320 /* Resources */,
			);
			buildRules = (
			);
			dependencies = (
			);
			name = IEHTopScrollTabBar;
			productName = IEHTopScrollTabBar;
			productReference = 78CEC5DB1D1021DE00F48320 /* IEHTopScrollTabBar.app */;
			productType = "com.apple.product-type.application";
		};
		78CEC5EE1D1021DE00F48320 /* IEHTopScrollTabBarTests */ = {
			isa = PBXNativeTarget;
			buildConfigurationList = 78CEC6061D1021DE00F48320 /* Build configuration list for PBXNativeTarget "IEHTopScrollTabBarTests" */;
			buildPhases = (
				78CEC5EB1D1021DE00F48320 /* Sources */,
				78CEC5EC1D1021DE00F48320 /* Frameworks */,
				78CEC5ED1D1021DE00F48320 /* Resources */,
			);
			buildRules = (
			);
			dependencies = (
				78CEC5F11D1021DE00F48320 /* PBXTargetDependency */,
			);
			name = IEHTopScrollTabBarTests;
			productName = IEHTopScrollTabBarTests;
			productReference = 78CEC5EF1D1021DE00F48320 /* IEHTopScrollTabBarTests.xctest */;
			productType = "com.apple.product-type.bundle.unit-test";
		};
		78CEC5F91D1021DE00F48320 /* IEHTopScrollTabBarUITests */ = {
			isa = PBXNativeTarget;
			buildConfigurationList = 78CEC6091D1021DE00F48320 /* Build configuration list for PBXNativeTarget "IEHTopScrollTabBarUITests" */;
			buildPhases = (
				78CEC5F61D1021DE00F48320 /* Sources */,
				78CEC5F71D1021DE00F48320 /* Frameworks */,
				78CEC5F81D1021DE00F48320 /* Resources */,
			);
			buildRules = (
			);
			dependencies = (
				78CEC5FC1D1021DE00F48320 /* PBXTargetDependency */,
			);
			name = IEHTopScrollTabBarUITests;
			productName = IEHTopScrollTabBarUITests;
			productReference = 78CEC5FA1D1021DE00F48320 /* IEHTopScrollTabBarUITests.xctest */;
			productType = "com.apple.product-type.bundle.ui-testing";
		};
/* End PBXNativeTarget section */

/* Begin PBXProject section */
		78CEC5D31D1021DE00F48320 /* Project object */ = {
			isa = PBXProject;
			attributes = {
				LastSwiftUpdateCheck = 0730;
				LastUpgradeCheck = 0800;
				ORGANIZATIONNAME = "ismail el habbash";
				TargetAttributes = {
					78CEC5DA1D1021DE00F48320 = {
						CreatedOnToolsVersion = 7.3;
						LastSwiftMigration = 0800;
					};
					78CEC5EE1D1021DE00F48320 = {
						CreatedOnToolsVersion = 7.3;
						LastSwiftMigration = 0800;
						TestTargetID = 78CEC5DA1D1021DE00F48320;
					};
					78CEC5F91D1021DE00F48320 = {
						CreatedOnToolsVersion = 7.3;
						LastSwiftMigration = 0800;
						TestTargetID = 78CEC5DA1D1021DE00F48320;
					};
				};
			};
			buildConfigurationList = 78CEC5D61D1021DE00F48320 /* Build configuration list for PBXProject "IEHTopScrollTabBar" */;
			compatibilityVersion = "Xcode 3.2";
			developmentRegion = English;
			hasScannedForEncodings = 0;
			knownRegions = (
				en,
				Base,
			);
			mainGroup = 78CEC5D21D1021DE00F48320;
			productRefGroup = 78CEC5DC1D1021DE00F48320 /* Products */;
			projectDirPath = "";
			projectRoot = "";
			targets = (
				78CEC5DA1D1021DE00F48320 /* IEHTopScrollTabBar */,
				78CEC5EE1D1021DE00F48320 /* IEHTopScrollTabBarTests */,
				78CEC5F91D1021DE00F48320 /* IEHTopScrollTabBarUITests */,
			);
		};
/* End PBXProject section */

/* Begin PBXResourcesBuildPhase section */
		78CEC5D91D1021DE00F48320 /* Resources */ = {
			isa = PBXResourcesBuildPhase;
			buildActionMask = 2147483647;
			files = (
				78CEC5E91D1021DE00F48320 /* LaunchScreen.storyboard in Resources */,
				78CEC5E61D1021DE00F48320 /* Assets.xcassets in Resources */,
				78CEC5E41D1021DE00F48320 /* Main.storyboard in Resources */,
			);
			runOnlyForDeploymentPostprocessing = 0;
		};
		78CEC5ED1D1021DE00F48320 /* Resources */ = {
			isa = PBXResourcesBuildPhase;
			buildActionMask = 2147483647;
			files = (
			);
			runOnlyForDeploymentPostprocessing = 0;
		};
		78CEC5F81D1021DE00F48320 /* Resources */ = {
			isa = PBXResourcesBuildPhase;
			buildActionMask = 2147483647;
			files = (
			);
			runOnlyForDeploymentPostprocessing = 0;
		};
/* End PBXResourcesBuildPhase section */

/* Begin PBXSourcesBuildPhase section */
		78CEC5D71D1021DE00F48320 /* Sources */ = {
			isa = PBXSourcesBuildPhase;
			buildActionMask = 2147483647;
			files = (
				78CEC60D1D1022EF00F48320 /* TopScrollTabBar.swift in Sources */,
				78CEC5E11D1021DE00F48320 /* ViewController.swift in Sources */,
				78CEC5DF1D1021DE00F48320 /* AppDelegate.swift in Sources */,
			);
			runOnlyForDeploymentPostprocessing = 0;
		};
		78CEC5EB1D1021DE00F48320 /* Sources */ = {
			isa = PBXSourcesBuildPhase;
			buildActionMask = 2147483647;
			files = (
				78CEC5F41D1021DE00F48320 /* IEHTopScrollTabBarTests.swift in Sources */,
			);
			runOnlyForDeploymentPostprocessing = 0;
		};
		78CEC5F61D1021DE00F48320 /* Sources */ = {
			isa = PBXSourcesBuildPhase;
			buildActionMask = 2147483647;
			files = (
				78CEC5FF1D1021DE00F48320 /* IEHTopScrollTabBarUITests.swift in Sources */,
			);
			runOnlyForDeploymentPostprocessing = 0;
		};
/* End PBXSourcesBuildPhase section */

/* Begin PBXTargetDependency section */
		78CEC5F11D1021DE00F48320 /* PBXTargetDependency */ = {
			isa = PBXTargetDependency;
			target = 78CEC5DA1D1021DE00F48320 /* IEHTopScrollTabBar */;
			targetProxy = 78CEC5F01D1021DE00F48320 /* PBXContainerItemProxy */;
		};
		78CEC5FC1D1021DE00F48320 /* PBXTargetDependency */ = {
			isa = PBXTargetDependency;
			target = 78CEC5DA1D1021DE00F48320 /* IEHTopScrollTabBar */;
			targetProxy = 78CEC5FB1D1021DE00F48320 /* PBXContainerItemProxy */;
		};
/* End PBXTargetDependency section */

/* Begin PBXVariantGroup section */
		78CEC5E21D1021DE00F48320 /* Main.storyboard */ = {
			isa = PBXVariantGroup;
			children = (
				78CEC5E31D1021DE00F48320 /* Base */,
			);
			name = Main.storyboard;
			sourceTree = "<group>";
		};
		78CEC5E71D1021DE00F48320 /* LaunchScreen.storyboard */ = {
			isa = PBXVariantGroup;
			children = (
				78CEC5E81D1021DE00F48320 /* Base */,
			);
			name = LaunchScreen.storyboard;
			sourceTree = "<group>";
		};
/* End PBXVariantGroup section */

/* Begin XCBuildConfiguration section */
		78CEC6011D1021DE00F48320 /* Debug */ = {
			isa = XCBuildConfiguration;
			buildSettings = {
				ALWAYS_SEARCH_USER_PATHS = NO;
				CLANG_ANALYZER_NONNULL = YES;
				CLANG_CXX_LANGUAGE_STANDARD = "gnu++0x";
				CLANG_CXX_LIBRARY = "libc++";
				CLANG_ENABLE_MODULES = YES;
				CLANG_ENABLE_OBJC_ARC = YES;
				CLANG_WARN_BOOL_CONVERSION = YES;
				CLANG_WARN_CONSTANT_CONVERSION = YES;
				CLANG_WARN_DIRECT_OBJC_ISA_USAGE = YES_ERROR;
				CLANG_WARN_EMPTY_BODY = YES;
				CLANG_WARN_ENUM_CONVERSION = YES;
				CLANG_WARN_INT_CONVERSION = YES;
				CLANG_WARN_OBJC_ROOT_CLASS = YES_ERROR;
				CLANG_WARN_UNREACHABLE_CODE = YES;
				CLANG_WARN__DUPLICATE_METHOD_MATCH = YES;
				"CODE_SIGN_IDENTITY[sdk=iphoneos*]" = "iPhone Developer";
				COPY_PHASE_STRIP = NO;
				DEBUG_INFORMATION_FORMAT = dwarf;
				ENABLE_STRICT_OBJC_MSGSEND = YES;
				ENABLE_TESTABILITY = YES;
				GCC_C_LANGUAGE_STANDARD = gnu99;
				GCC_DYNAMIC_NO_PIC = NO;
				GCC_NO_COMMON_BLOCKS = YES;
				GCC_OPTIMIZATION_LEVEL = 0;
				GCC_PREPROCESSOR_DEFINITIONS = (
					"DEBUG=1",
					"$(inherited)",
				);
				GCC_WARN_64_TO_32_BIT_CONVERSION = YES;
				GCC_WARN_ABOUT_RETURN_TYPE = YES_ERROR;
				GCC_WARN_UNDECLARED_SELECTOR = YES;
				GCC_WARN_UNINITIALIZED_AUTOS = YES_AGGRESSIVE;
				GCC_WARN_UNUSED_FUNCTION = YES;
				GCC_WARN_UNUSED_VARIABLE = YES;
				IPHONEOS_DEPLOYMENT_TARGET = 9.3;
				MTL_ENABLE_DEBUG_INFO = YES;
				ONLY_ACTIVE_ARCH = YES;
				SDKROOT = iphoneos;
				SWIFT_OPTIMIZATION_LEVEL = "-Onone";
				TARGETED_DEVICE_FAMILY = "1,2";
			};
			name = Debug;
		};
		78CEC6021D1021DE00F48320 /* Release */ = {
			isa = XCBuildConfiguration;
			buildSettings = {
				ALWAYS_SEARCH_USER_PATHS = NO;
				CLANG_ANALYZER_NONNULL = YES;
				CLANG_CXX_LANGUAGE_STANDARD = "gnu++0x";
				CLANG_CXX_LIBRARY = "libc++";
				CLANG_ENABLE_MODULES = YES;
				CLANG_ENABLE_OBJC_ARC = YES;
				CLANG_WARN_BOOL_CONVERSION = YES;
				CLANG_WARN_CONSTANT_CONVERSION = YES;
				CLANG_WARN_DIRECT_OBJC_ISA_USAGE = YES_ERROR;
				CLANG_WARN_EMPTY_BODY = YES;
				CLANG_WARN_ENUM_CONVERSION = YES;
				CLANG_WARN_INT_CONVERSION = YES;
				CLANG_WARN_OBJC_ROOT_CLASS = YES_ERROR;
				CLANG_WARN_UNREACHABLE_CODE = YES;
				CLANG_WARN__DUPLICATE_METHOD_MATCH = YES;
				"CODE_SIGN_IDENTITY[sdk=iphoneos*]" = "iPhone Developer";
				COPY_PHASE_STRIP = NO;
				DEBUG_INFORMATION_FORMAT = "dwarf-with-dsym";
				ENABLE_NS_ASSERTIONS = NO;
				ENABLE_STRICT_OBJC_MSGSEND = YES;
				GCC_C_LANGUAGE_STANDARD = gnu99;
				GCC_NO_COMMON_BLOCKS = YES;
				GCC_WARN_64_TO_32_BIT_CONVERSION = YES;
				GCC_WARN_ABOUT_RETURN_TYPE = YES_ERROR;
				GCC_WARN_UNDECLARED_SELECTOR = YES;
				GCC_WARN_UNINITIALIZED_AUTOS = YES_AGGRESSIVE;
				GCC_WARN_UNUSED_FUNCTION = YES;
				GCC_WARN_UNUSED_VARIABLE = YES;
				IPHONEOS_DEPLOYMENT_TARGET = 9.3;
				MTL_ENABLE_DEBUG_INFO = NO;
				SDKROOT = iphoneos;
				TARGETED_DEVICE_FAMILY = "1,2";
				VALIDATE_PRODUCT = YES;
			};
			name = Release;
		};
		78CEC6041D1021DE00F48320 /* Debug */ = {
			isa = XCBuildConfiguration;
			buildSettings = {
				ASSETCATALOG_COMPILER_APPICON_NAME = AppIcon;
				INFOPLIST_FILE = IEHTopScrollTabBar/Info.plist;
				LD_RUNPATH_SEARCH_PATHS = "$(inherited) @executable_path/Frameworks";
				PRODUCT_BUNDLE_IDENTIFIER = ismailElHabbash.IEHTopScrollTabBar;
				PRODUCT_NAME = "$(TARGET_NAME)";
				SWIFT_VERSION = 3.0;
			};
			name = Debug;
		};
		78CEC6051D1021DE00F48320 /* Release */ = {
			isa = XCBuildConfiguration;
			buildSettings = {
				ASSETCATALOG_COMPILER_APPICON_NAME = AppIcon;
				INFOPLIST_FILE = IEHTopScrollTabBar/Info.plist;
				LD_RUNPATH_SEARCH_PATHS = "$(inherited) @executable_path/Frameworks";
				PRODUCT_BUNDLE_IDENTIFIER = ismailElHabbash.IEHTopScrollTabBar;
				PRODUCT_NAME = "$(TARGET_NAME)";
				SWIFT_OPTIMIZATION_LEVEL = "-Owholemodule";
				SWIFT_VERSION = 3.0;
			};
			name = Release;
		};
		78CEC6071D1021DE00F48320 /* Debug */ = {
			isa = XCBuildConfiguration;
			buildSettings = {
				BUNDLE_LOADER = "$(TEST_HOST)";
				INFOPLIST_FILE = IEHTopScrollTabBarTests/Info.plist;
				LD_RUNPATH_SEARCH_PATHS = "$(inherited) @executable_path/Frameworks @loader_path/Frameworks";
				PRODUCT_BUNDLE_IDENTIFIER = ismailElHabbash.IEHTopScrollTabBarTests;
				PRODUCT_NAME = "$(TARGET_NAME)";
				SWIFT_VERSION = 3.0;
				TEST_HOST = "$(BUILT_PRODUCTS_DIR)/IEHTopScrollTabBar.app/IEHTopScrollTabBar";
			};
			name = Debug;
		};
		78CEC6081D1021DE00F48320 /* Release */ = {
			isa = XCBuildConfiguration;
			buildSettings = {
				BUNDLE_LOADER = "$(TEST_HOST)";
				INFOPLIST_FILE = IEHTopScrollTabBarTests/Info.plist;
				LD_RUNPATH_SEARCH_PATHS = "$(inherited) @executable_path/Frameworks @loader_path/Frameworks";
				PRODUCT_BUNDLE_IDENTIFIER = ismailElHabbash.IEHTopScrollTabBarTests;
				PRODUCT_NAME = "$(TARGET_NAME)";
				SWIFT_OPTIMIZATION_LEVEL = "-Owholemodule";
				SWIFT_VERSION = 3.0;
				TEST_HOST = "$(BUILT_PRODUCTS_DIR)/IEHTopScrollTabBar.app/IEHTopScrollTabBar";
			};
			name = Release;
		};
		78CEC60A1D1021DE00F48320 /* Debug */ = {
			isa = XCBuildConfiguration;
			buildSettings = {
				INFOPLIST_FILE = IEHTopScrollTabBarUITests/Info.plist;
				LD_RUNPATH_SEARCH_PATHS = "$(inherited) @executable_path/Frameworks @loader_path/Frameworks";
				PRODUCT_BUNDLE_IDENTIFIER = ismailElHabbash.IEHTopScrollTabBarUITests;
				PRODUCT_NAME = "$(TARGET_NAME)";
				SWIFT_VERSION = 3.0;
				TEST_TARGET_NAME = IEHTopScrollTabBar;
			};
			name = Debug;
		};
		78CEC60B1D1021DE00F48320 /* Release */ = {
			isa = XCBuildConfiguration;
			buildSettings = {
				INFOPLIST_FILE = IEHTopScrollTabBarUITests/Info.plist;
				LD_RUNPATH_SEARCH_PATHS = "$(inherited) @executable_path/Frameworks @loader_path/Frameworks";
				PRODUCT_BUNDLE_IDENTIFIER = ismailElHabbash.IEHTopScrollTabBarUITests;
				PRODUCT_NAME = "$(TARGET_NAME)";
				SWIFT_OPTIMIZATION_LEVEL = "-Owholemodule";
				SWIFT_VERSION = 3.0;
				TEST_TARGET_NAME = IEHTopScrollTabBar;
			};
			name = Release;
		};
/* End XCBuildConfiguration section */

/* Begin XCConfigurationList section */
		78CEC5D61D1021DE00F48320 /* Build configuration list for PBXProject "IEHTopScrollTabBar" */ = {
			isa = XCConfigurationList;
			buildConfigurations = (
				78CEC6011D1021DE00F48320 /* Debug */,
				78CEC6021D1021DE00F48320 /* Release */,
			);
			defaultConfigurationIsVisible = 0;
			defaultConfigurationName = Release;
		};
		78CEC6031D1021DE00F48320 /* Build configuration list for PBXNativeTarget "IEHTopScrollTabBar" */ = {
			isa = XCConfigurationList;
			buildConfigurations = (
				78CEC6041D1021DE00F48320 /* Debug */,
				78CEC6051D1021DE00F48320 /* Release */,
			);
			defaultConfigurationIsVisible = 0;
			defaultConfigurationName = Release;
		};
		78CEC6061D1021DE00F48320 /* Build configuration list for PBXNativeTarget "IEHTopScrollTabBarTests" */ = {
			isa = XCConfigurationList;
			buildConfigurations = (
				78CEC6071D1021DE00F48320 /* Debug */,
				78CEC6081D1021DE00F48320 /* Release */,
			);
			defaultConfigurationIsVisible = 0;
			defaultConfigurationName = Release;
		};
		78CEC6091D1021DE00F48320 /* Build configuration list for PBXNativeTarget "IEHTopScrollTabBarUITests" */ = {
			isa = XCConfigurationList;
			buildConfigurations = (
				78CEC60A1D1021DE00F48320 /* Debug */,
				78CEC60B1D1021DE00F48320 /* Release */,
			);
			defaultConfigurationIsVisible = 0;
			defaultConfigurationName = Release;
		};
/* End XCConfigurationList section */
	};
	rootObject = 78CEC5D31D1021DE00F48320 /* Project object */;
}
